
Microsoft Visual Studio Solution File, Format Version 12.00
# Visual Studio Version 16
VisualStudioVersion = 16.0.30413.136
MinimumVisualStudioVersion = 10.0.40219.1
Project("{FAE04EC0-301F-11D3-BF4B-00C04F79EFBC}") = "ConsoleApp1", "ConsoleApp1\ConsoleApp1.csproj", "{DCB728E4-DB8F-4432-9F55-3E4F1270F3D1}"
EndProject
Global
	GlobalSection(SolutionConfigurationPlatforms) = preSolution
		Debug|Any CPU = Debug|Any CPU
		Release|Any CPU = Release|Any CPU
	EndGlobalSection
	GlobalSection(ProjectConfigurationPlatforms) = postSolution
		{DCB728E4-DB8F-4432-9F55-3E4F1270F3D1}.Debug|Any CPU.ActiveCfg = Debug|Any CPU
		{DCB728E4-DB8F-4432-9F55-3E4F1270F3D1}.Debug|Any CPU.Build.0 = Debug|Any CPU
		{DCB728E4-DB8F-4432-9F55-3E4F1270F3D1}.Release|Any CPU.ActiveCfg = Release|Any CPU
		{DCB728E4-DB8F-4432-9F55-3E4F1270F3D1}.Release|Any CPU.Build.0 = Release|Any CPU
	EndGlobalSection
	GlobalSection(SolutionProperties) = preSolution
		HideSolutionNode = FALSE
	EndGlobalSection
	GlobalSection(ExtensibilityGlobals) = postSolution
		SolutionGuid = {D95EF083-53E7-4651-ABA1-C93B3DB6A1D6}
	EndGlobalSection
EndGlobal
