
Microsoft Visual Studio Solution File, Format Version 12.00
# Visual Studio Version 16
VisualStudioVersion = 16.0.30413.136
MinimumVisualStudioVersion = 10.0.40219.1
Project("{FAE04EC0-301F-11D3-BF4B-00C04F79EFBC}") = "Club des fromages", "Club des fromages\Club des fromages.csproj", "{04F617EE-59AB-4D75-9DD6-BA3337960F06}"
EndProject
Global
	GlobalSection(SolutionConfigurationPlatforms) = preSolution
		Debug|Any CPU = Debug|Any CPU
		Release|Any CPU = Release|Any CPU
	EndGlobalSection
	GlobalSection(ProjectConfigurationPlatforms) = postSolution
		{04F617EE-59AB-4D75-9DD6-BA3337960F06}.Debug|Any CPU.ActiveCfg = Debug|Any CPU
		{04F617EE-59AB-4D75-9DD6-BA3337960F06}.Debug|Any CPU.Build.0 = Debug|Any CPU
		{04F617EE-59AB-4D75-9DD6-BA3337960F06}.Release|Any CPU.ActiveCfg = Release|Any CPU
		{04F617EE-59AB-4D75-9DD6-BA3337960F06}.Release|Any CPU.Build.0 = Release|Any CPU
	EndGlobalSection
	GlobalSection(SolutionProperties) = preSolution
		HideSolutionNode = FALSE
	EndGlobalSection
	GlobalSection(ExtensibilityGlobals) = postSolution
		SolutionGuid = {13A3122F-1710-40F8-90BE-6FE2A9E85BEA}
	EndGlobalSection
EndGlobal
